
Microsoft Visual Studio Solution File, Format Version 12.00
# Visual Studio Version 16
VisualStudioVersion = 16.0.29209.62
MinimumVisualStudioVersion = 10.0.40219.1
Project("{8BC9CEB8-8B4A-11D0-8D11-00A0C91BC942}") = "Hello-World-SDK-3", "Hello-World-SDK-3\Hello-World-SDK-3.vcxproj", "{3677DC16-B883-4585-B4DC-F51484AC6351}"
EndProject
Project("{8BC9CEB8-8B4A-11D0-8D11-00A0C91BC942}") = "NucleoYokeFF", "NucleoYokeFF\NucleoYokeFF.vcxproj", "{1CC41E7D-3374-48E0-99B1-C916D74C6D9F}"
EndProject
Global
	GlobalSection(SolutionConfigurationPlatforms) = preSolution
		Debug|x64 = Debug|x64
		Debug|x86 = Debug|x86
		Release|x64 = Release|x64
		Release|x86 = Release|x86
	EndGlobalSection
	GlobalSection(ProjectConfigurationPlatforms) = postSolution
		{3677DC16-B883-4585-B4DC-F51484AC6351}.Debug|x64.ActiveCfg = Debug|x64
		{3677DC16-B883-4585-B4DC-F51484AC6351}.Debug|x64.Build.0 = Debug|x64
		{3677DC16-B883-4585-B4DC-F51484AC6351}.Debug|x86.ActiveCfg = Debug|x64
		{3677DC16-B883-4585-B4DC-F51484AC6351}.Release|x64.ActiveCfg = Release|x64
		{3677DC16-B883-4585-B4DC-F51484AC6351}.Release|x64.Build.0 = Release|x64
		{3677DC16-B883-4585-B4DC-F51484AC6351}.Release|x86.ActiveCfg = Release|x64
		{1CC41E7D-3374-48E0-99B1-C916D74C6D9F}.Debug|x64.ActiveCfg = Debug|x64
		{1CC41E7D-3374-48E0-99B1-C916D74C6D9F}.Debug|x64.Build.0 = Debug|x64
		{1CC41E7D-3374-48E0-99B1-C916D74C6D9F}.Debug|x86.ActiveCfg = Debug|Win32
		{1CC41E7D-3374-48E0-99B1-C916D74C6D9F}.Debug|x86.Build.0 = Debug|Win32
		{1CC41E7D-3374-48E0-99B1-C916D74C6D9F}.Release|x64.ActiveCfg = Release|x64
		{1CC41E7D-3374-48E0-99B1-C916D74C6D9F}.Release|x64.Build.0 = Release|x64
		{1CC41E7D-3374-48E0-99B1-C916D74C6D9F}.Release|x86.ActiveCfg = Release|Win32
		{1CC41E7D-3374-48E0-99B1-C916D74C6D9F}.Release|x86.Build.0 = Release|Win32
	EndGlobalSection
	GlobalSection(SolutionProperties) = preSolution
		HideSolutionNode = FALSE
	EndGlobalSection
	GlobalSection(ExtensibilityGlobals) = postSolution
		SolutionGuid = {4EA59729-4E53-462A-8EAC-5E0634B9B635}
	EndGlobalSection
EndGlobal
